
Microsoft Visual Studio Solution File, Format Version 12.00
# Visual Studio Version 16
VisualStudioVersion = 25.0.1703.8
MinimumVisualStudioVersion = 10.0.40219.1
Project("{FAE04EC0-301F-11D3-BF4B-00C04F79EFBC}") = "Delegates", "Delegates\Delegates.csproj", "{9C4C473F-C866-4190-9D88-9130CC567ACE}"
EndProject
Global
	GlobalSection(SolutionConfigurationPlatforms) = preSolution
		Debug|Any CPU = Debug|Any CPU
		Release|Any CPU = Release|Any CPU
	EndGlobalSection
	GlobalSection(ProjectConfigurationPlatforms) = postSolution
		{9C4C473F-C866-4190-9D88-9130CC567ACE}.Debug|Any CPU.ActiveCfg = Debug|Any CPU
		{9C4C473F-C866-4190-9D88-9130CC567ACE}.Debug|Any CPU.Build.0 = Debug|Any CPU
		{9C4C473F-C866-4190-9D88-9130CC567ACE}.Release|Any CPU.ActiveCfg = Release|Any CPU
		{9C4C473F-C866-4190-9D88-9130CC567ACE}.Release|Any CPU.Build.0 = Release|Any CPU
	EndGlobalSection
	GlobalSection(SolutionProperties) = preSolution
		HideSolutionNode = FALSE
	EndGlobalSection
	GlobalSection(ExtensibilityGlobals) = postSolution
		SolutionGuid = {EF084A8C-5B1C-4F76-ABB7-16AC623CF9E1}
	EndGlobalSection
EndGlobal
